// !$*UTF8*$!
{
	archiveVersion = 1;
	classes = {
	};
	objectVersion = 55;
	objects = {

/* Begin PBXBuildFile section */
		EF09916C297045BF006BAA87 /* AppDelegate.swift in Sources */ = {isa = PBXBuildFile; fileRef = EF09916B297045BE006BAA87 /* AppDelegate.swift */; };
		EF09916E297045BF006BAA87 /* SceneDelegate.swift in Sources */ = {isa = PBXBuildFile; fileRef = EF09916D297045BF006BAA87 /* SceneDelegate.swift */; };
		EF099170297045BF006BAA87 /* VerificationViewController.swift in Sources */ = {isa = PBXBuildFile; fileRef = EF09916F297045BF006BAA87 /* VerificationViewController.swift */; };
		EF099175297045C2006BAA87 /* Assets.xcassets in Resources */ = {isa = PBXBuildFile; fileRef = EF099174297045C2006BAA87 /* Assets.xcassets */; };
		EF099178297045C2006BAA87 /* LaunchScreen.storyboard in Resources */ = {isa = PBXBuildFile; fileRef = EF099176297045C2006BAA87 /* LaunchScreen.storyboard */; };
		EF09918A2975694D006BAA87 /* StatusLabel.swift in Sources */ = {isa = PBXBuildFile; fileRef = EF0991892975694D006BAA87 /* StatusLabel.swift */; };
		EF09918E29756E83006BAA87 /* UIStackView + Extension.swift in Sources */ = {isa = PBXBuildFile; fileRef = EF09918D29756E83006BAA87 /* UIStackView + Extension.swift */; };
		EF09919029757035006BAA87 /* MailTextField.swift in Sources */ = {isa = PBXBuildFile; fileRef = EF09918F29757035006BAA87 /* MailTextField.swift */; };
		EF099192297572DF006BAA87 /* VerificationButton.swift in Sources */ = {isa = PBXBuildFile; fileRef = EF099191297572DF006BAA87 /* VerificationButton.swift */; };
		EF099194297574AD006BAA87 /* MailCollectionView.swift in Sources */ = {isa = PBXBuildFile; fileRef = EF099193297574AD006BAA87 /* MailCollectionView.swift */; };
/* End PBXBuildFile section */

/* Begin PBXFileReference section */
		EF099168297045BE006BAA87 /* CheckMail.app */ = {isa = PBXFileReference; explicitFileType = wrapper.application; includeInIndex = 0; path = CheckMail.app; sourceTree = BUILT_PRODUCTS_DIR; };
		EF09916B297045BE006BAA87 /* AppDelegate.swift */ = {isa = PBXFileReference; lastKnownFileType = sourcecode.swift; path = AppDelegate.swift; sourceTree = "<group>"; };
		EF09916D297045BF006BAA87 /* SceneDelegate.swift */ = {isa = PBXFileReference; lastKnownFileType = sourcecode.swift; path = SceneDelegate.swift; sourceTree = "<group>"; };
		EF09916F297045BF006BAA87 /* VerificationViewController.swift */ = {isa = PBXFileReference; lastKnownFileType = sourcecode.swift; path = VerificationViewController.swift; sourceTree = "<group>"; };
		EF099174297045C2006BAA87 /* Assets.xcassets */ = {isa = PBXFileReference; lastKnownFileType = folder.assetcatalog; path = Assets.xcassets; sourceTree = "<group>"; };
		EF099177297045C2006BAA87 /* Base */ = {isa = PBXFileReference; lastKnownFileType = file.storyboard; name = Base; path = Base.lproj/LaunchScreen.storyboard; sourceTree = "<group>"; };
		EF099179297045C2006BAA87 /* Info.plist */ = {isa = PBXFileReference; lastKnownFileType = text.plist.xml; path = Info.plist; sourceTree = "<group>"; };
		EF0991892975694D006BAA87 /* StatusLabel.swift */ = {isa = PBXFileReference; lastKnownFileType = sourcecode.swift; path = StatusLabel.swift; sourceTree = "<group>"; };
		EF09918D29756E83006BAA87 /* UIStackView + Extension.swift */ = {isa = PBXFileReference; lastKnownFileType = sourcecode.swift; path = "UIStackView + Extension.swift"; sourceTree = "<group>"; };
		EF09918F29757035006BAA87 /* MailTextField.swift */ = {isa = PBXFileReference; lastKnownFileType = sourcecode.swift; path = MailTextField.swift; sourceTree = "<group>"; };
		EF099191297572DF006BAA87 /* VerificationButton.swift */ = {isa = PBXFileReference; lastKnownFileType = sourcecode.swift; path = VerificationButton.swift; sourceTree = "<group>"; };
		EF099193297574AD006BAA87 /* MailCollectionView.swift */ = {isa = PBXFileReference; lastKnownFileType = sourcecode.swift; path = MailCollectionView.swift; sourceTree = "<group>"; };
/* End PBXFileReference section */

/* Begin PBXFrameworksBuildPhase section */
		EF099165297045BE006BAA87 /* Frameworks */ = {
			isa = PBXFrameworksBuildPhase;
			buildActionMask = 2147483647;
			files = (
			);
			runOnlyForDeploymentPostprocessing = 0;
		};
/* End PBXFrameworksBuildPhase section */

/* Begin PBXGroup section */
		EF09915F297045BE006BAA87 = {
			isa = PBXGroup;
			children = (
				EF09916A297045BE006BAA87 /* CheckMail */,
				EF099169297045BE006BAA87 /* Products */,
			);
			sourceTree = "<group>";
		};
		EF099169297045BE006BAA87 /* Products */ = {
			isa = PBXGroup;
			children = (
				EF099168297045BE006BAA87 /* CheckMail.app */,
			);
			name = Products;
			sourceTree = "<group>";
		};
		EF09916A297045BE006BAA87 /* CheckMail */ = {
			isa = PBXGroup;
			children = (
				EF09918329704C45006BAA87 /* Resources */,
				EF09917F29704BBC006BAA87 /* Application */,
				EF09918029704BE0006BAA87 /* Models */,
				EF09918229704BF6006BAA87 /* Views */,
				EF09918129704BEA006BAA87 /* Controllers */,
				EF09918B29756DF3006BAA87 /* Extensions */,
			);
			path = CheckMail;
			sourceTree = "<group>";
		};
		EF09917F29704BBC006BAA87 /* Application */ = {
			isa = PBXGroup;
			children = (
				EF09916B297045BE006BAA87 /* AppDelegate.swift */,
				EF09916D297045BF006BAA87 /* SceneDelegate.swift */,
			);
			path = Application;
			sourceTree = "<group>";
		};
		EF09918029704BE0006BAA87 /* Models */ = {
			isa = PBXGroup;
			children = (
			);
			path = Models;
			sourceTree = "<group>";
		};
		EF09918129704BEA006BAA87 /* Controllers */ = {
			isa = PBXGroup;
			children = (
				EF09916F297045BF006BAA87 /* VerificationViewController.swift */,
			);
			path = Controllers;
			sourceTree = "<group>";
		};
		EF09918229704BF6006BAA87 /* Views */ = {
			isa = PBXGroup;
			children = (
				EF0991892975694D006BAA87 /* StatusLabel.swift */,
				EF09918F29757035006BAA87 /* MailTextField.swift */,
				EF099191297572DF006BAA87 /* VerificationButton.swift */,
				EF099193297574AD006BAA87 /* MailCollectionView.swift */,
			);
			path = Views;
			sourceTree = "<group>";
		};
		EF09918329704C45006BAA87 /* Resources */ = {
			isa = PBXGroup;
			children = (
				EF099174297045C2006BAA87 /* Assets.xcassets */,
				EF099176297045C2006BAA87 /* LaunchScreen.storyboard */,
				EF099179297045C2006BAA87 /* Info.plist */,
			);
			path = Resources;
			sourceTree = "<group>";
		};
		EF09918B29756DF3006BAA87 /* Extensions */ = {
			isa = PBXGroup;
			children = (
				EF09918C29756E4E006BAA87 /* UIKit */,
			);
			path = Extensions;
			sourceTree = "<group>";
		};
		EF09918C29756E4E006BAA87 /* UIKit */ = {
			isa = PBXGroup;
			children = (
				EF09918D29756E83006BAA87 /* UIStackView + Extension.swift */,
			);
			path = UIKit;
			sourceTree = "<group>";
		};
/* End PBXGroup section */

/* Begin PBXNativeTarget section */
		EF099167297045BE006BAA87 /* CheckMail */ = {
			isa = PBXNativeTarget;
			buildConfigurationList = EF09917C297045C2006BAA87 /* Build configuration list for PBXNativeTarget "CheckMail" */;
			buildPhases = (
				EF099164297045BE006BAA87 /* Sources */,
				EF099165297045BE006BAA87 /* Frameworks */,
				EF099166297045BE006BAA87 /* Resources */,
			);
			buildRules = (
			);
			dependencies = (
			);
			name = CheckMail;
			productName = CheckMail;
			productReference = EF099168297045BE006BAA87 /* CheckMail.app */;
			productType = "com.apple.product-type.application";
		};
/* End PBXNativeTarget section */

/* Begin PBXProject section */
		EF099160297045BE006BAA87 /* Project object */ = {
			isa = PBXProject;
			attributes = {
				BuildIndependentTargetsInParallel = 1;
				LastSwiftUpdateCheck = 1330;
				LastUpgradeCheck = 1330;
				TargetAttributes = {
					EF099167297045BE006BAA87 = {
						CreatedOnToolsVersion = 13.3;
					};
				};
			};
			buildConfigurationList = EF099163297045BE006BAA87 /* Build configuration list for PBXProject "CheckMail" */;
			compatibilityVersion = "Xcode 13.0";
			developmentRegion = en;
			hasScannedForEncodings = 0;
			knownRegions = (
				en,
				Base,
			);
			mainGroup = EF09915F297045BE006BAA87;
			productRefGroup = EF099169297045BE006BAA87 /* Products */;
			projectDirPath = "";
			projectRoot = "";
			targets = (
				EF099167297045BE006BAA87 /* CheckMail */,
			);
		};
/* End PBXProject section */

/* Begin PBXResourcesBuildPhase section */
		EF099166297045BE006BAA87 /* Resources */ = {
			isa = PBXResourcesBuildPhase;
			buildActionMask = 2147483647;
			files = (
				EF099178297045C2006BAA87 /* LaunchScreen.storyboard in Resources */,
				EF099175297045C2006BAA87 /* Assets.xcassets in Resources */,
			);
			runOnlyForDeploymentPostprocessing = 0;
		};
/* End PBXResourcesBuildPhase section */

/* Begin PBXSourcesBuildPhase section */
		EF099164297045BE006BAA87 /* Sources */ = {
			isa = PBXSourcesBuildPhase;
			buildActionMask = 2147483647;
			files = (
				EF09918A2975694D006BAA87 /* StatusLabel.swift in Sources */,
				EF099192297572DF006BAA87 /* VerificationButton.swift in Sources */,
				EF099170297045BF006BAA87 /* VerificationViewController.swift in Sources */,
				EF09919029757035006BAA87 /* MailTextField.swift in Sources */,
				EF09916C297045BF006BAA87 /* AppDelegate.swift in Sources */,
				EF099194297574AD006BAA87 /* MailCollectionView.swift in Sources */,
				EF09918E29756E83006BAA87 /* UIStackView + Extension.swift in Sources */,
				EF09916E297045BF006BAA87 /* SceneDelegate.swift in Sources */,
			);
			runOnlyForDeploymentPostprocessing = 0;
		};
/* End PBXSourcesBuildPhase section */

/* Begin PBXVariantGroup section */
		EF099176297045C2006BAA87 /* LaunchScreen.storyboard */ = {
			isa = PBXVariantGroup;
			children = (
				EF099177297045C2006BAA87 /* Base */,
			);
			name = LaunchScreen.storyboard;
			sourceTree = "<group>";
		};
/* End PBXVariantGroup section */

/* Begin XCBuildConfiguration section */
		EF09917A297045C2006BAA87 /* Debug */ = {
			isa = XCBuildConfiguration;
			buildSettings = {
				ALWAYS_SEARCH_USER_PATHS = NO;
				CLANG_ANALYZER_NONNULL = YES;
				CLANG_ANALYZER_NUMBER_OBJECT_CONVERSION = YES_AGGRESSIVE;
				CLANG_CXX_LANGUAGE_STANDARD = "gnu++17";
				CLANG_ENABLE_MODULES = YES;
				CLANG_ENABLE_OBJC_ARC = YES;
				CLANG_ENABLE_OBJC_WEAK = YES;
				CLANG_WARN_BLOCK_CAPTURE_AUTORELEASING = YES;
				CLANG_WARN_BOOL_CONVERSION = YES;
				CLANG_WARN_COMMA = YES;
				CLANG_WARN_CONSTANT_CONVERSION = YES;
				CLANG_WARN_DEPRECATED_OBJC_IMPLEMENTATIONS = YES;
				CLANG_WARN_DIRECT_OBJC_ISA_USAGE = YES_ERROR;
				CLANG_WARN_DOCUMENTATION_COMMENTS = YES;
				CLANG_WARN_EMPTY_BODY = YES;
				CLANG_WARN_ENUM_CONVERSION = YES;
				CLANG_WARN_INFINITE_RECURSION = YES;
				CLANG_WARN_INT_CONVERSION = YES;
				CLANG_WARN_NON_LITERAL_NULL_CONVERSION = YES;
				CLANG_WARN_OBJC_IMPLICIT_RETAIN_SELF = YES;
				CLANG_WARN_OBJC_LITERAL_CONVERSION = YES;
				CLANG_WARN_OBJC_ROOT_CLASS = YES_ERROR;
				CLANG_WARN_QUOTED_INCLUDE_IN_FRAMEWORK_HEADER = YES;
				CLANG_WARN_RANGE_LOOP_ANALYSIS = YES;
				CLANG_WARN_STRICT_PROTOTYPES = YES;
				CLANG_WARN_SUSPICIOUS_MOVE = YES;
				CLANG_WARN_UNGUARDED_AVAILABILITY = YES_AGGRESSIVE;
				CLANG_WARN_UNREACHABLE_CODE = YES;
				CLANG_WARN__DUPLICATE_METHOD_MATCH = YES;
				COPY_PHASE_STRIP = NO;
				DEBUG_INFORMATION_FORMAT = dwarf;
				ENABLE_STRICT_OBJC_MSGSEND = YES;
				ENABLE_TESTABILITY = YES;
				GCC_C_LANGUAGE_STANDARD = gnu11;
				GCC_DYNAMIC_NO_PIC = NO;
				GCC_NO_COMMON_BLOCKS = YES;
				GCC_OPTIMIZATION_LEVEL = 0;
				GCC_PREPROCESSOR_DEFINITIONS = (
					"DEBUG=1",
					"$(inherited)",
				);
				GCC_WARN_64_TO_32_BIT_CONVERSION = YES;
				GCC_WARN_ABOUT_RETURN_TYPE = YES_ERROR;
				GCC_WARN_UNDECLARED_SELECTOR = YES;
				GCC_WARN_UNINITIALIZED_AUTOS = YES_AGGRESSIVE;
				GCC_WARN_UNUSED_FUNCTION = YES;
				GCC_WARN_UNUSED_VARIABLE = YES;
				IPHONEOS_DEPLOYMENT_TARGET = 15.4;
				MTL_ENABLE_DEBUG_INFO = INCLUDE_SOURCE;
				MTL_FAST_MATH = YES;
				ONLY_ACTIVE_ARCH = YES;
				SDKROOT = iphoneos;
				SWIFT_ACTIVE_COMPILATION_CONDITIONS = DEBUG;
				SWIFT_OPTIMIZATION_LEVEL = "-Onone";
			};
			name = Debug;
		};
		EF09917B297045C2006BAA87 /* Release */ = {
			isa = XCBuildConfiguration;
			buildSettings = {
				ALWAYS_SEARCH_USER_PATHS = NO;
				CLANG_ANALYZER_NONNULL = YES;
				CLANG_ANALYZER_NUMBER_OBJECT_CONVERSION = YES_AGGRESSIVE;
				CLANG_CXX_LANGUAGE_STANDARD = "gnu++17";
				CLANG_ENABLE_MODULES = YES;
				CLANG_ENABLE_OBJC_ARC = YES;
				CLANG_ENABLE_OBJC_WEAK = YES;
				CLANG_WARN_BLOCK_CAPTURE_AUTORELEASING = YES;
				CLANG_WARN_BOOL_CONVERSION = YES;
				CLANG_WARN_COMMA = YES;
				CLANG_WARN_CONSTANT_CONVERSION = YES;
				CLANG_WARN_DEPRECATED_OBJC_IMPLEMENTATIONS = YES;
				CLANG_WARN_DIRECT_OBJC_ISA_USAGE = YES_ERROR;
				CLANG_WARN_DOCUMENTATION_COMMENTS = YES;
				CLANG_WARN_EMPTY_BODY = YES;
				CLANG_WARN_ENUM_CONVERSION = YES;
				CLANG_WARN_INFINITE_RECURSION = YES;
				CLANG_WARN_INT_CONVERSION = YES;
				CLANG_WARN_NON_LITERAL_NULL_CONVERSION = YES;
				CLANG_WARN_OBJC_IMPLICIT_RETAIN_SELF = YES;
				CLANG_WARN_OBJC_LITERAL_CONVERSION = YES;
				CLANG_WARN_OBJC_ROOT_CLASS = YES_ERROR;
				CLANG_WARN_QUOTED_INCLUDE_IN_FRAMEWORK_HEADER = YES;
				CLANG_WARN_RANGE_LOOP_ANALYSIS = YES;
				CLANG_WARN_STRICT_PROTOTYPES = YES;
				CLANG_WARN_SUSPICIOUS_MOVE = YES;
				CLANG_WARN_UNGUARDED_AVAILABILITY = YES_AGGRESSIVE;
				CLANG_WARN_UNREACHABLE_CODE = YES;
				CLANG_WARN__DUPLICATE_METHOD_MATCH = YES;
				COPY_PHASE_STRIP = NO;
				DEBUG_INFORMATION_FORMAT = "dwarf-with-dsym";
				ENABLE_NS_ASSERTIONS = NO;
				ENABLE_STRICT_OBJC_MSGSEND = YES;
				GCC_C_LANGUAGE_STANDARD = gnu11;
				GCC_NO_COMMON_BLOCKS = YES;
				GCC_WARN_64_TO_32_BIT_CONVERSION = YES;
				GCC_WARN_ABOUT_RETURN_TYPE = YES_ERROR;
				GCC_WARN_UNDECLARED_SELECTOR = YES;
				GCC_WARN_UNINITIALIZED_AUTOS = YES_AGGRESSIVE;
				GCC_WARN_UNUSED_FUNCTION = YES;
				GCC_WARN_UNUSED_VARIABLE = YES;
				IPHONEOS_DEPLOYMENT_TARGET = 15.4;
				MTL_ENABLE_DEBUG_INFO = NO;
				MTL_FAST_MATH = YES;
				SDKROOT = iphoneos;
				SWIFT_COMPILATION_MODE = wholemodule;
				SWIFT_OPTIMIZATION_LEVEL = "-O";
				VALIDATE_PRODUCT = YES;
			};
			name = Release;
		};
		EF09917D297045C2006BAA87 /* Debug */ = {
			isa = XCBuildConfiguration;
			buildSettings = {
				ASSETCATALOG_COMPILER_APPICON_NAME = AppIcon;
				ASSETCATALOG_COMPILER_GLOBAL_ACCENT_COLOR_NAME = AccentColor;
				CODE_SIGN_STYLE = Automatic;
				CURRENT_PROJECT_VERSION = 1;
				DEVELOPMENT_TEAM = 8683DU5JVT;
				GENERATE_INFOPLIST_FILE = YES;
				INFOPLIST_FILE = CheckMail/Resources/Info.plist;
				INFOPLIST_KEY_UIApplicationSupportsIndirectInputEvents = YES;
				INFOPLIST_KEY_UILaunchStoryboardName = LaunchScreen;
				INFOPLIST_KEY_UISupportedInterfaceOrientations_iPad = "UIInterfaceOrientationPortrait UIInterfaceOrientationPortraitUpsideDown UIInterfaceOrientationLandscapeLeft UIInterfaceOrientationLandscapeRight";
				INFOPLIST_KEY_UISupportedInterfaceOrientations_iPhone = "UIInterfaceOrientationPortrait UIInterfaceOrientationLandscapeLeft UIInterfaceOrientationLandscapeRight";
				LD_RUNPATH_SEARCH_PATHS = (
					"$(inherited)",
					"@executable_path/Frameworks",
				);
				MARKETING_VERSION = 1.0;
				PRODUCT_BUNDLE_IDENTIFIER = study.CheckMail;
				PRODUCT_NAME = "$(TARGET_NAME)";
				SWIFT_EMIT_LOC_STRINGS = YES;
				SWIFT_VERSION = 5.0;
				TARGETED_DEVICE_FAMILY = "1,2";
			};
			name = Debug;
		};
		EF09917E297045C2006BAA87 /* Release */ = {
			isa = XCBuildConfiguration;
			buildSettings = {
				ASSETCATALOG_COMPILER_APPICON_NAME = AppIcon;
				ASSETCATALOG_COMPILER_GLOBAL_ACCENT_COLOR_NAME = AccentColor;
				CODE_SIGN_STYLE = Automatic;
				CURRENT_PROJECT_VERSION = 1;
				DEVELOPMENT_TEAM = 8683DU5JVT;
				GENERATE_INFOPLIST_FILE = YES;
				INFOPLIST_FILE = CheckMail/Resources/Info.plist;
				INFOPLIST_KEY_UIApplicationSupportsIndirectInputEvents = YES;
				INFOPLIST_KEY_UILaunchStoryboardName = LaunchScreen;
				INFOPLIST_KEY_UISupportedInterfaceOrientations_iPad = "UIInterfaceOrientationPortrait UIInterfaceOrientationPortraitUpsideDown UIInterfaceOrientationLandscapeLeft UIInterfaceOrientationLandscapeRight";
				INFOPLIST_KEY_UISupportedInterfaceOrientations_iPhone = "UIInterfaceOrientationPortrait UIInterfaceOrientationLandscapeLeft UIInterfaceOrientationLandscapeRight";
				LD_RUNPATH_SEARCH_PATHS = (
					"$(inherited)",
					"@executable_path/Frameworks",
				);
				MARKETING_VERSION = 1.0;
				PRODUCT_BUNDLE_IDENTIFIER = study.CheckMail;
				PRODUCT_NAME = "$(TARGET_NAME)";
				SWIFT_EMIT_LOC_STRINGS = YES;
				SWIFT_VERSION = 5.0;
				TARGETED_DEVICE_FAMILY = "1,2";
			};
			name = Release;
		};
/* End XCBuildConfiguration section */

/* Begin XCConfigurationList section */
		EF099163297045BE006BAA87 /* Build configuration list for PBXProject "CheckMail" */ = {
			isa = XCConfigurationList;
			buildConfigurations = (
				EF09917A297045C2006BAA87 /* Debug */,
				EF09917B297045C2006BAA87 /* Release */,
			);
			defaultConfigurationIsVisible = 0;
			defaultConfigurationName = Release;
		};
		EF09917C297045C2006BAA87 /* Build configuration list for PBXNativeTarget "CheckMail" */ = {
			isa = XCConfigurationList;
			buildConfigurations = (
				EF09917D297045C2006BAA87 /* Debug */,
				EF09917E297045C2006BAA87 /* Release */,
			);
			defaultConfigurationIsVisible = 0;
			defaultConfigurationName = Release;
		};
/* End XCConfigurationList section */
	};
	rootObject = EF099160297045BE006BAA87 /* Project object */;
}
